// !$*UTF8*$!
{
	archiveVersion = 1;
	classes = {
	};
	objectVersion = 45;
	objects = {

/* Begin PBXBuildFile section */
		050C9AF00F91BB3900A8EC38 /* ControlPanelViewController.mm in Sources */ = {isa = PBXBuildFile; fileRef = 050C9AEF0F91BB3900A8EC38 /* ControlPanelViewController.mm */; };
		050C9AF20F91BB6200A8EC38 /* ControlPanelView.xib in Resources */ = {isa = PBXBuildFile; fileRef = 050C9AF10F91BB6200A8EC38 /* ControlPanelView.xib */; };
		051F8C190F9BC9A5006AD1B1 /* CreditsView.xib in Resources */ = {isa = PBXBuildFile; fileRef = 051F8C180F9BC9A5006AD1B1 /* CreditsView.xib */; };
		051F8C1F0F9BCC5B006AD1B1 /* CreditsViewController.m in Sources */ = {isa = PBXBuildFile; fileRef = 051F8C1E0F9BCC5B006AD1B1 /* CreditsViewController.m */; };
		051F8CD40F9BD9ED006AD1B1 /* icon_57x57.png in Resources */ = {isa = PBXBuildFile; fileRef = 051F8CD30F9BD9ED006AD1B1 /* icon_57x57.png */; };
		051F8D400F9BDE8E006AD1B1 /* libFlurry.a in Frameworks */ = {isa = PBXBuildFile; fileRef = 051F8D3F0F9BDE8E006AD1B1 /* libFlurry.a */; };
		055227650F5BAF8200512D4B /* main.m in Sources */ = {isa = PBXBuildFile; fileRef = 29B97316FDCFA39411CA2CEA /* main.m */; };
		0552276E0F5BAFE900512D4B /* JoystickViewLandscape.mm in Sources */ = {isa = PBXBuildFile; fileRef = 0552276D0F5BAFE900512D4B /* JoystickViewLandscape.mm */; };
		0552293C0F5BCBA900512D4B /* Entitlements.plist in Resources */ = {isa = PBXBuildFile; fileRef = 0552293B0F5BCBA900512D4B /* Entitlements.plist */; };
		0553B3FA0F99B73B007329CB /* splash04.png in Resources */ = {isa = PBXBuildFile; fileRef = 0553B3F60F99B73B007329CB /* splash04.png */; };
		0553B3FB0F99B73B007329CB /* splash01.png in Resources */ = {isa = PBXBuildFile; fileRef = 0553B3F70F99B73B007329CB /* splash01.png */; };
		0553B3FC0F99B73B007329CB /* splash03.png in Resources */ = {isa = PBXBuildFile; fileRef = 0553B3F80F99B73B007329CB /* splash03.png */; };
		0553B3FD0F99B73B007329CB /* splash02.png in Resources */ = {isa = PBXBuildFile; fileRef = 0553B3F90F99B73B007329CB /* splash02.png */; };
		0553B5C00F9A859F007329CB /* btn_save.png in Resources */ = {isa = PBXBuildFile; fileRef = 0553B5BA0F9A859F007329CB /* btn_save.png */; };
		0553B5C10F9A859F007329CB /* btn_save_active.png in Resources */ = {isa = PBXBuildFile; fileRef = 0553B5BB0F9A859F007329CB /* btn_save_active.png */; };
		0553B5C20F9A859F007329CB /* btn_load.png in Resources */ = {isa = PBXBuildFile; fileRef = 0553B5BC0F9A859F007329CB /* btn_load.png */; };
		0553B5C30F9A859F007329CB /* btn_load_active.png in Resources */ = {isa = PBXBuildFile; fileRef = 0553B5BD0F9A859F007329CB /* btn_load_active.png */; };
		0553B5C40F9A859F007329CB /* btn_info.png in Resources */ = {isa = PBXBuildFile; fileRef = 0553B5BE0F9A859F007329CB /* btn_info.png */; };
		0553B5C50F9A859F007329CB /* btn_info_active.png in Resources */ = {isa = PBXBuildFile; fileRef = 0553B5BF0F9A859F007329CB /* btn_info_active.png */; };
		055CE1F10F916F2A0055F163 /* overlay_merged.png in Resources */ = {isa = PBXBuildFile; fileRef = 055CE1E70F916F2A0055F163 /* overlay_merged.png */; };
		055CE1F20F916F2A0055F163 /* console_bg.png in Resources */ = {isa = PBXBuildFile; fileRef = 055CE1E80F916F2A0055F163 /* console_bg.png */; };
		055CE1F30F916F2A0055F163 /* btn_use.png in Resources */ = {isa = PBXBuildFile; fileRef = 055CE1E90F916F2A0055F163 /* btn_use.png */; };
		055CE1F40F916F2A0055F163 /* btn_skip.png in Resources */ = {isa = PBXBuildFile; fileRef = 055CE1EA0F916F2A0055F163 /* btn_skip.png */; };
		055CE1F50F916F2A0055F163 /* btn_select.png in Resources */ = {isa = PBXBuildFile; fileRef = 055CE1EB0F916F2A0055F163 /* btn_select.png */; };
		055CE1F60F916F2A0055F163 /* btn_score.png in Resources */ = {isa = PBXBuildFile; fileRef = 055CE1EC0F916F2A0055F163 /* btn_score.png */; };
		055CE1F70F916F2A0055F163 /* btn_menu.png in Resources */ = {isa = PBXBuildFile; fileRef = 055CE1ED0F916F2A0055F163 /* btn_menu.png */; };
		055CE1F80F916F2A0055F163 /* btn_items.png in Resources */ = {isa = PBXBuildFile; fileRef = 055CE1EE0F916F2A0055F163 /* btn_items.png */; };
		055CE1F90F916F2A0055F163 /* btn_gun.png in Resources */ = {isa = PBXBuildFile; fileRef = 055CE1EF0F916F2A0055F163 /* btn_gun.png */; };
		055CE1FA0F916F2A0055F163 /* btn_fire.png in Resources */ = {isa = PBXBuildFile; fileRef = 055CE1F00F916F2A0055F163 /* btn_fire.png */; };
		055D73080F8DC68A0044F5AF /* UINotification.cpp in Sources */ = {isa = PBXBuildFile; fileRef = 055D73070F8DC68A0044F5AF /* UINotification.cpp */; };
		055D744E0F8DDFCA0044F5AF /* NSNotificationAdditions.m in Sources */ = {isa = PBXBuildFile; fileRef = 055D744C0F8DDFCA0044F5AF /* NSNotificationAdditions.m */; };
		058FD7270F971A6A00B6698C /* LiteUnzip.c in Sources */ = {isa = PBXBuildFile; fileRef = 058FD7260F971A6A00B6698C /* LiteUnzip.c */; };
		05B04C090F5E4B4D0095DE90 /* GameControlsView.xib in Resources */ = {isa = PBXBuildFile; fileRef = 05B04C080F5E4B4D0095DE90 /* GameControlsView.xib */; };
		05B04C110F5E4B8A0095DE90 /* GameControlsView.mm in Sources */ = {isa = PBXBuildFile; fileRef = 05B04C100F5E4B8A0095DE90 /* GameControlsView.mm */; };
		05CF8DE70F1343FB00493EED /* collision.cpp in Sources */ = {isa = PBXBuildFile; fileRef = 05CF8DC00F1343FB00493EED /* collision.cpp */; };
		05CF8DE80F1343FB00493EED /* COPYING in Resources */ = {isa = PBXBuildFile; fileRef = 05CF8DC10F1343FB00493EED /* COPYING */; };
		05CF8DE90F1343FB00493EED /* cutscene.cpp in Sources */ = {isa = PBXBuildFile; fileRef = 05CF8DC20F1343FB00493EED /* cutscene.cpp */; };
		05CF8DEA0F1343FB00493EED /* file.cpp in Sources */ = {isa = PBXBuildFile; fileRef = 05CF8DC40F1343FB00493EED /* file.cpp */; };
		05CF8DEB0F1343FB00493EED /* game.cpp in Sources */ = {isa = PBXBuildFile; fileRef = 05CF8DC60F1343FB00493EED /* game.cpp */; };
		05CF8DEC0F1343FB00493EED /* graphics.cpp in Sources */ = {isa = PBXBuildFile; fileRef = 05CF8DC80F1343FB00493EED /* graphics.cpp */; };
		05CF8DF00F1343FB00493EED /* menu.cpp in Sources */ = {isa = PBXBuildFile; fileRef = 05CF8DCF0F1343FB00493EED /* menu.cpp */; };
		05CF8DF10F1343FB00493EED /* mixer.cpp in Sources */ = {isa = PBXBuildFile; fileRef = 05CF8DD10F1343FB00493EED /* mixer.cpp */; };
		05CF8DF20F1343FB00493EED /* mod_player.cpp in Sources */ = {isa = PBXBuildFile; fileRef = 05CF8DD30F1343FB00493EED /* mod_player.cpp */; };
		05CF8DF30F1343FB00493EED /* piege.cpp in Sources */ = {isa = PBXBuildFile; fileRef = 05CF8DD50F1343FB00493EED /* piege.cpp */; };
		05CF8DF40F1343FB00493EED /* README in Resources */ = {isa = PBXBuildFile; fileRef = 05CF8DD60F1343FB00493EED /* README */; };
		05CF8DF50F1343FB00493EED /* resource.cpp in Sources */ = {isa = PBXBuildFile; fileRef = 05CF8DD70F1343FB00493EED /* resource.cpp */; };
		05CF8DF70F1343FB00493EED /* sfx_player.cpp in Sources */ = {isa = PBXBuildFile; fileRef = 05CF8DDB0F1343FB00493EED /* sfx_player.cpp */; };
		05CF8DF80F1343FB00493EED /* staticres.cpp in Sources */ = {isa = PBXBuildFile; fileRef = 05CF8DDD0F1343FB00493EED /* staticres.cpp */; };
		05CF8DF90F1343FB00493EED /* systemstub_sdl.cpp in Sources */ = {isa = PBXBuildFile; fileRef = 05CF8DE00F1343FB00493EED /* systemstub_sdl.cpp */; };
		05CF8DFA0F1343FB00493EED /* unpack.cpp in Sources */ = {isa = PBXBuildFile; fileRef = 05CF8DE10F1343FB00493EED /* unpack.cpp */; };
		05CF8DFB0F1343FB00493EED /* util.cpp in Sources */ = {isa = PBXBuildFile; fileRef = 05CF8DE30F1343FB00493EED /* util.cpp */; };
		05CF8DFC0F1343FB00493EED /* video.cpp in Sources */ = {isa = PBXBuildFile; fileRef = 05CF8DE50F1343FB00493EED /* video.cpp */; };
		05CF8E1B0F13448D00493EED /* adler32.c in Sources */ = {isa = PBXBuildFile; fileRef = 05CF8E020F13448D00493EED /* adler32.c */; };
		05CF8E1C0F13448D00493EED /* compress.c in Sources */ = {isa = PBXBuildFile; fileRef = 05CF8E030F13448D00493EED /* compress.c */; };
		05CF8E1D0F13448D00493EED /* crc32.c in Sources */ = {isa = PBXBuildFile; fileRef = 05CF8E040F13448D00493EED /* crc32.c */; };
		05CF8E1E0F13448D00493EED /* deflate.c in Sources */ = {isa = PBXBuildFile; fileRef = 05CF8E060F13448D00493EED /* deflate.c */; };
		05CF8E1F0F13448D00493EED /* gzio.c in Sources */ = {isa = PBXBuildFile; fileRef = 05CF8E080F13448D00493EED /* gzio.c */; };
		05CF8E200F13448D00493EED /* infback.c in Sources */ = {isa = PBXBuildFile; fileRef = 05CF8E090F13448D00493EED /* infback.c */; };
		05CF8E210F13448D00493EED /* inffast.c in Sources */ = {isa = PBXBuildFile; fileRef = 05CF8E0A0F13448D00493EED /* inffast.c */; };
		05CF8E220F13448D00493EED /* inflate.c in Sources */ = {isa = PBXBuildFile; fileRef = 05CF8E0D0F13448D00493EED /* inflate.c */; };
		05CF8E230F13448D00493EED /* inftrees.c in Sources */ = {isa = PBXBuildFile; fileRef = 05CF8E0F0F13448D00493EED /* inftrees.c */; };
		05CF8E240F13448D00493EED /* trees.c in Sources */ = {isa = PBXBuildFile; fileRef = 05CF8E110F13448D00493EED /* trees.c */; };
		05CF8E250F13448D00493EED /* uncompr.c in Sources */ = {isa = PBXBuildFile; fileRef = 05CF8E130F13448D00493EED /* uncompr.c */; };
		05CF8E260F13448D00493EED /* zlib.3 in Resources */ = {isa = PBXBuildFile; fileRef = 05CF8E150F13448D00493EED /* zlib.3 */; };
		05CF8E270F13448D00493EED /* zutil.c in Sources */ = {isa = PBXBuildFile; fileRef = 05CF8E170F13448D00493EED /* zutil.c */; };
		05CF8F9A0F1347D800493EED /* AudioUnitQueueManager.cpp in Sources */ = {isa = PBXBuildFile; fileRef = 05CF8F950F1347D800493EED /* AudioUnitQueueManager.cpp */; };
		05CF8F9B0F1347D800493EED /* iPhoneStub.mm in Sources */ = {isa = PBXBuildFile; fileRef = 05CF8F970F1347D800493EED /* iPhoneStub.mm */; };
		05CF8FAD0F134A3E00493EED /* AudioToolbox.framework in Frameworks */ = {isa = PBXBuildFile; fileRef = 05CF8FAC0F134A3E00493EED /* AudioToolbox.framework */; };
		05CF8FB50F134A5E00493EED /* CoreAudio.framework in Frameworks */ = {isa = PBXBuildFile; fileRef = 05CF8FB40F134A5E00493EED /* CoreAudio.framework */; };
		05CF8FCE0F134BAC00493EED /* CocoaUtility.m in Sources */ = {isa = PBXBuildFile; fileRef = 05CF8FCD0F134BAC00493EED /* CocoaUtility.m */; };
		05CF90050F134C2100493EED /* DisplayView.mm in Sources */ = {isa = PBXBuildFile; fileRef = 05CF8FFC0F134C2100493EED /* DisplayView.mm */; };
		05CF90060F134C2100493EED /* EmulationViewController.mm in Sources */ = {isa = PBXBuildFile; fileRef = 05CF8FFE0F134C2100493EED /* EmulationViewController.mm */; };
		05CF90080F134C2100493EED /* InputControllerView.mm in Sources */ = {isa = PBXBuildFile; fileRef = 05CF90020F134C2100493EED /* InputControllerView.mm */; };
		05CF900B0F134C9C00493EED /* MainWindow.xib in Resources */ = {isa = PBXBuildFile; fileRef = 05CF900A0F134C9C00493EED /* MainWindow.xib */; };
		05E6691F0F5F9D60009B15FB /* joystick_bg.png in Resources */ = {isa = PBXBuildFile; fileRef = 05E669170F5F9D60009B15FB /* joystick_bg.png */; };
		05E669200F5F9D60009B15FB /* joystick_stick.png in Resources */ = {isa = PBXBuildFile; fileRef = 05E669180F5F9D60009B15FB /* joystick_stick.png */; };
		05E669270F5FA48C009B15FB /* joystick_rest.png in Resources */ = {isa = PBXBuildFile; fileRef = 05E669260F5FA48C009B15FB /* joystick_rest.png */; };
		05EF49680F9A89F80059B60B /* ImageBarControl.m in Sources */ = {isa = PBXBuildFile; fileRef = 05EF49670F9A89F80059B60B /* ImageBarControl.m */; };
		05EF4B1A0F9AE83B0059B60B /* SaveGameCell.xib in Resources */ = {isa = PBXBuildFile; fileRef = 05EF4B190F9AE83B0059B60B /* SaveGameCell.xib */; };
		05EF4B310F9AE8A80059B60B /* SaveGameCell.m in Sources */ = {isa = PBXBuildFile; fileRef = 05EF4B300F9AE8A80059B60B /* SaveGameCell.m */; };
		05EF4B4B0F9AEA4D0059B60B /* SaveGameBrowserController.m in Sources */ = {isa = PBXBuildFile; fileRef = 05EF4B4A0F9AEA4D0059B60B /* SaveGameBrowserController.m */; };
		05EF4B630F9AEC730059B60B /* SaveGameFileInfo.mm in Sources */ = {isa = PBXBuildFile; fileRef = 05EF4B620F9AEC730059B60B /* SaveGameFileInfo.mm */; };
		05EF4C480F9AF9980059B60B /* SaveGameBrowser.xib in Resources */ = {isa = PBXBuildFile; fileRef = 05EF4C470F9AF9980059B60B /* SaveGameBrowser.xib */; };
		05FC765B0F959C440022C458 /* FlashbackDataLoader.m in Sources */ = {isa = PBXBuildFile; fileRef = 05FC765A0F959C440022C458 /* FlashbackDataLoader.m */; };
		05FC76C40F95AF6C0022C458 /* InstallView.m in Sources */ = {isa = PBXBuildFile; fileRef = 05FC76C30F95AF6C0022C458 /* InstallView.m */; };
		1D3623260D0F684500981E51 /* FlashbackAppDelegate.mm in Sources */ = {isa = PBXBuildFile; fileRef = 1D3623250D0F684500981E51 /* FlashbackAppDelegate.mm */; };
		1D60589F0D05DD5A006BFB54 /* Foundation.framework in Frameworks */ = {isa = PBXBuildFile; fileRef = 1D30AB110D05D00D00671497 /* Foundation.framework */; };
		1DF5F4E00D08C38300B7A737 /* UIKit.framework in Frameworks */ = {isa = PBXBuildFile; fileRef = 1DF5F4DF0D08C38300B7A737 /* UIKit.framework */; };
		288765FD0DF74451002DB57D /* CoreGraphics.framework in Frameworks */ = {isa = PBXBuildFile; fileRef = 288765FC0DF74451002DB57D /* CoreGraphics.framework */; };
/* End PBXBuildFile section */

/* Begin PBXFileReference section */
		050C9A780F91A05100A8EC38 /* CNSRecursiveLock.h */ = {isa = PBXFileReference; fileEncoding = 4; lastKnownFileType = sourcecode.c.h; path = CNSRecursiveLock.h; sourceTree = "<group>"; };
		050C9AEE0F91BB3900A8EC38 /* ControlPanelViewController.h */ = {isa = PBXFileReference; fileEncoding = 4; lastKnownFileType = sourcecode.c.h; path = ControlPanelViewController.h; sourceTree = "<group>"; };
		050C9AEF0F91BB3900A8EC38 /* ControlPanelViewController.mm */ = {isa = PBXFileReference; fileEncoding = 4; lastKnownFileType = sourcecode.cpp.objcpp; path = ControlPanelViewController.mm; sourceTree = "<group>"; };
		050C9AF10F91BB6200A8EC38 /* ControlPanelView.xib */ = {isa = PBXFileReference; lastKnownFileType = file.xib; path = ControlPanelView.xib; sourceTree = "<group>"; };
		051F8C180F9BC9A5006AD1B1 /* CreditsView.xib */ = {isa = PBXFileReference; lastKnownFileType = file.xib; path = CreditsView.xib; sourceTree = "<group>"; };
		051F8C1D0F9BCC5B006AD1B1 /* CreditsViewController.h */ = {isa = PBXFileReference; fileEncoding = 4; lastKnownFileType = sourcecode.c.h; path = CreditsViewController.h; sourceTree = "<group>"; };
		051F8C1E0F9BCC5B006AD1B1 /* CreditsViewController.m */ = {isa = PBXFileReference; fileEncoding = 4; lastKnownFileType = sourcecode.c.objc; path = CreditsViewController.m; sourceTree = "<group>"; };
		051F8CD30F9BD9ED006AD1B1 /* icon_57x57.png */ = {isa = PBXFileReference; lastKnownFileType = image.png; path = icon_57x57.png; sourceTree = "<group>"; };
		051F8D3E0F9BDE8E006AD1B1 /* FlurryAPI.h */ = {isa = PBXFileReference; fileEncoding = 4; lastKnownFileType = sourcecode.c.h; path = FlurryAPI.h; sourceTree = "<group>"; };
		051F8D3F0F9BDE8E006AD1B1 /* libFlurry.a */ = {isa = PBXFileReference; lastKnownFileType = archive.ar; path = libFlurry.a; sourceTree = "<group>"; };
		051F8DC00F9BEAE3006AD1B1 /* ValidationCheck.h */ = {isa = PBXFileReference; fileEncoding = 4; lastKnownFileType = sourcecode.c.h; path = ValidationCheck.h; sourceTree = "<group>"; };
		0552276C0F5BAFE900512D4B /* JoystickViewLandscape.h */ = {isa = PBXFileReference; fileEncoding = 4; lastKnownFileType = sourcecode.c.h; path = JoystickViewLandscape.h; sourceTree = "<group>"; };
		0552276D0F5BAFE900512D4B /* JoystickViewLandscape.mm */ = {isa = PBXFileReference; fileEncoding = 4; lastKnownFileType = sourcecode.cpp.objcpp; path = JoystickViewLandscape.mm; sourceTree = "<group>"; };
		0552293B0F5BCBA900512D4B /* Entitlements.plist */ = {isa = PBXFileReference; fileEncoding = 4; lastKnownFileType = text.plist.xml; path = Entitlements.plist; sourceTree = "<group>"; };
		0553B3F60F99B73B007329CB /* splash04.png */ = {isa = PBXFileReference; lastKnownFileType = image.png; path = splash04.png; sourceTree = "<group>"; };
		0553B3F70F99B73B007329CB /* splash01.png */ = {isa = PBXFileReference; lastKnownFileType = image.png; path = splash01.png; sourceTree = "<group>"; };
		0553B3F80F99B73B007329CB /* splash03.png */ = {isa = PBXFileReference; lastKnownFileType = image.png; path = splash03.png; sourceTree = "<group>"; };
		0553B3F90F99B73B007329CB /* splash02.png */ = {isa = PBXFileReference; lastKnownFileType = image.png; path = splash02.png; sourceTree = "<group>"; };
		0553B5BA0F9A859F007329CB /* btn_save.png */ = {isa = PBXFileReference; lastKnownFileType = image.png; path = btn_save.png; sourceTree = "<group>"; };
		0553B5BB0F9A859F007329CB /* btn_save_active.png */ = {isa = PBXFileReference; lastKnownFileType = image.png; path = btn_save_active.png; sourceTree = "<group>"; };
		0553B5BC0F9A859F007329CB /* btn_load.png */ = {isa = PBXFileReference; lastKnownFileType = image.png; path = btn_load.png; sourceTree = "<group>"; };
		0553B5BD0F9A859F007329CB /* btn_load_active.png */ = {isa = PBXFileReference; lastKnownFileType = image.png; path = btn_load_active.png; sourceTree = "<group>"; };
		0553B5BE0F9A859F007329CB /* btn_info.png */ = {isa = PBXFileReference; lastKnownFileType = image.png; path = btn_info.png; sourceTree = "<group>"; };
		0553B5BF0F9A859F007329CB /* btn_info_active.png */ = {isa = PBXFileReference; lastKnownFileType = image.png; path = btn_info_active.png; sourceTree = "<group>"; };
		055CE1E70F916F2A0055F163 /* overlay_merged.png */ = {isa = PBXFileReference; lastKnownFileType = image.png; name = overlay_merged.png; path = images/skin/overlay_merged.png; sourceTree = "<group>"; };
		055CE1E80F916F2A0055F163 /* console_bg.png */ = {isa = PBXFileReference; lastKnownFileType = image.png; name = console_bg.png; path = images/skin/console_bg.png; sourceTree = "<group>"; };
		055CE1E90F916F2A0055F163 /* btn_use.png */ = {isa = PBXFileReference; lastKnownFileType = image.png; name = btn_use.png; path = images/skin/btn_use.png; sourceTree = "<group>"; };
		055CE1EA0F916F2A0055F163 /* btn_skip.png */ = {isa = PBXFileReference; lastKnownFileType = image.png; name = btn_skip.png; path = images/skin/btn_skip.png; sourceTree = "<group>"; };
		055CE1EB0F916F2A0055F163 /* btn_select.png */ = {isa = PBXFileReference; lastKnownFileType = image.png; name = btn_select.png; path = images/skin/btn_select.png; sourceTree = "<group>"; };
		055CE1EC0F916F2A0055F163 /* btn_score.png */ = {isa = PBXFileReference; lastKnownFileType = image.png; name = btn_score.png; path = images/skin/btn_score.png; sourceTree = "<group>"; };
		055CE1ED0F916F2A0055F163 /* btn_menu.png */ = {isa = PBXFileReference; lastKnownFileType = image.png; name = btn_menu.png; path = images/skin/btn_menu.png; sourceTree = "<group>"; };
		055CE1EE0F916F2A0055F163 /* btn_items.png */ = {isa = PBXFileReference; lastKnownFileType = image.png; name = btn_items.png; path = images/skin/btn_items.png; sourceTree = "<group>"; };
		055CE1EF0F916F2A0055F163 /* btn_gun.png */ = {isa = PBXFileReference; lastKnownFileType = image.png; name = btn_gun.png; path = images/skin/btn_gun.png; sourceTree = "<group>"; };
		055CE1F00F916F2A0055F163 /* btn_fire.png */ = {isa = PBXFileReference; lastKnownFileType = image.png; name = btn_fire.png; path = images/skin/btn_fire.png; sourceTree = "<group>"; };
		055D73060F8DC68A0044F5AF /* UINotification.h */ = {isa = PBXFileReference; fileEncoding = 4; lastKnownFileType = sourcecode.c.h; path = UINotification.h; sourceTree = "<group>"; };
		055D73070F8DC68A0044F5AF /* UINotification.cpp */ = {isa = PBXFileReference; fileEncoding = 4; lastKnownFileType = sourcecode.cpp.cpp; path = UINotification.cpp; sourceTree = "<group>"; };
		055D73910F8DD6240044F5AF /* GameNotifications.h */ = {isa = PBXFileReference; fileEncoding = 4; lastKnownFileType = sourcecode.c.h; path = GameNotifications.h; sourceTree = "<group>"; };
		055D744C0F8DDFCA0044F5AF /* NSNotificationAdditions.m */ = {isa = PBXFileReference; fileEncoding = 4; lastKnownFileType = sourcecode.c.objc; name = NSNotificationAdditions.m; path = Classes/NSNotificationAdditions.m; sourceTree = "<group>"; };
		055D744D0F8DDFCA0044F5AF /* NSNotificationAdditions.h */ = {isa = PBXFileReference; fileEncoding = 4; lastKnownFileType = sourcecode.c.h; name = NSNotificationAdditions.h; path = Classes/NSNotificationAdditions.h; sourceTree = "<group>"; };
		058FD7250F971A6A00B6698C /* LiteUnzip.h */ = {isa = PBXFileReference; fileEncoding = 4; lastKnownFileType = sourcecode.c.h; path = LiteUnzip.h; sourceTree = "<group>"; };
		058FD7260F971A6A00B6698C /* LiteUnzip.c */ = {isa = PBXFileReference; fileEncoding = 4; lastKnownFileType = sourcecode.c.c; path = LiteUnzip.c; sourceTree = "<group>"; };
		058FD7820F971FD200B6698C /* FlashbackConfig.h */ = {isa = PBXFileReference; fileEncoding = 4; lastKnownFileType = sourcecode.c.h; path = FlashbackConfig.h; sourceTree = "<group>"; };
		05B04C080F5E4B4D0095DE90 /* GameControlsView.xib */ = {isa = PBXFileReference; lastKnownFileType = file.xib; path = GameControlsView.xib; sourceTree = "<group>"; };
		05B04C0F0F5E4B8A0095DE90 /* GameControlsView.h */ = {isa = PBXFileReference; fileEncoding = 4; lastKnownFileType = sourcecode.c.h; path = GameControlsView.h; sourceTree = "<group>"; };
		05B04C100F5E4B8A0095DE90 /* GameControlsView.mm */ = {isa = PBXFileReference; fileEncoding = 4; lastKnownFileType = sourcecode.cpp.objcpp; path = GameControlsView.mm; sourceTree = "<group>"; };
		05CF8DC00F1343FB00493EED /* collision.cpp */ = {isa = PBXFileReference; fileEncoding = 4; lastKnownFileType = sourcecode.cpp.cpp; path = collision.cpp; sourceTree = "<group>"; };
		05CF8DC10F1343FB00493EED /* COPYING */ = {isa = PBXFileReference; fileEncoding = 4; lastKnownFileType = text; path = COPYING; sourceTree = "<group>"; };
		05CF8DC20F1343FB00493EED /* cutscene.cpp */ = {isa = PBXFileReference; fileEncoding = 4; lastKnownFileType = sourcecode.cpp.cpp; path = cutscene.cpp; sourceTree = "<group>"; };
		05CF8DC30F1343FB00493EED /* cutscene.h */ = {isa = PBXFileReference; fileEncoding = 4; lastKnownFileType = sourcecode.c.h; path = cutscene.h; sourceTree = "<group>"; };
		05CF8DC40F1343FB00493EED /* file.cpp */ = {isa = PBXFileReference; fileEncoding = 4; lastKnownFileType = sourcecode.cpp.cpp; path = file.cpp; sourceTree = "<group>"; };
		05CF8DC50F1343FB00493EED /* file.h */ = {isa = PBXFileReference; fileEncoding = 4; lastKnownFileType = sourcecode.c.h; path = file.h; sourceTree = "<group>"; };
		05CF8DC60F1343FB00493EED /* game.cpp */ = {isa = PBXFileReference; fileEncoding = 4; lastKnownFileType = sourcecode.cpp.cpp; path = game.cpp; sourceTree = "<group>"; };
		05CF8DC70F1343FB00493EED /* game.h */ = {isa = PBXFileReference; fileEncoding = 4; lastKnownFileType = sourcecode.c.h; path = game.h; sourceTree = "<group>"; };
		05CF8DC80F1343FB00493EED /* graphics.cpp */ = {isa = PBXFileReference; fileEncoding = 4; lastKnownFileType = sourcecode.cpp.cpp; path = graphics.cpp; sourceTree = "<group>"; };
		05CF8DC90F1343FB00493EED /* graphics.h */ = {isa = PBXFileReference; fileEncoding = 4; lastKnownFileType = sourcecode.c.h; path = graphics.h; sourceTree = "<group>"; };
		05CF8DCA0F1343FB00493EED /* intern.h */ = {isa = PBXFileReference; fileEncoding = 4; lastKnownFileType = sourcecode.c.h; path = intern.h; sourceTree = "<group>"; };
		05CF8DCD0F1343FB00493EED /* main.cpp */ = {isa = PBXFileReference; fileEncoding = 4; lastKnownFileType = sourcecode.cpp.cpp; path = main.cpp; sourceTree = "<group>"; };
		05CF8DCF0F1343FB00493EED /* menu.cpp */ = {isa = PBXFileReference; fileEncoding = 4; lastKnownFileType = sourcecode.cpp.cpp; path = menu.cpp; sourceTree = "<group>"; };
		05CF8DD00F1343FB00493EED /* menu.h */ = {isa = PBXFileReference; fileEncoding = 4; lastKnownFileType = sourcecode.c.h; path = menu.h; sourceTree = "<group>"; };
		05CF8DD10F1343FB00493EED /* mixer.cpp */ = {isa = PBXFileReference; fileEncoding = 4; lastKnownFileType = sourcecode.cpp.cpp; path = mixer.cpp; sourceTree = "<group>"; };
		05CF8DD20F1343FB00493EED /* mixer.h */ = {isa = PBXFileReference; fileEncoding = 4; lastKnownFileType = sourcecode.c.h; path = mixer.h; sourceTree = "<group>"; };
		05CF8DD30F1343FB00493EED /* mod_player.cpp */ = {isa = PBXFileReference; fileEncoding = 4; lastKnownFileType = sourcecode.cpp.cpp; path = mod_player.cpp; sourceTree = "<group>"; };
		05CF8DD40F1343FB00493EED /* mod_player.h */ = {isa = PBXFileReference; fileEncoding = 4; lastKnownFileType = sourcecode.c.h; path = mod_player.h; sourceTree = "<group>"; };
		05CF8DD50F1343FB00493EED /* piege.cpp */ = {isa = PBXFileReference; fileEncoding = 4; lastKnownFileType = sourcecode.cpp.cpp; path = piege.cpp; sourceTree = "<group>"; };
		05CF8DD60F1343FB00493EED /* README */ = {isa = PBXFileReference; fileEncoding = 4; lastKnownFileType = text; path = README; sourceTree = "<group>"; };
		05CF8DD70F1343FB00493EED /* resource.cpp */ = {isa = PBXFileReference; fileEncoding = 4; lastKnownFileType = sourcecode.cpp.cpp; path = resource.cpp; sourceTree = "<group>"; };
		05CF8DD80F1343FB00493EED /* resource.h */ = {isa = PBXFileReference; fileEncoding = 4; lastKnownFileType = sourcecode.c.h; path = resource.h; sourceTree = "<group>"; };
		05CF8DDB0F1343FB00493EED /* sfx_player.cpp */ = {isa = PBXFileReference; fileEncoding = 4; lastKnownFileType = sourcecode.cpp.cpp; path = sfx_player.cpp; sourceTree = "<group>"; };
		05CF8DDC0F1343FB00493EED /* sfx_player.h */ = {isa = PBXFileReference; fileEncoding = 4; lastKnownFileType = sourcecode.c.h; path = sfx_player.h; sourceTree = "<group>"; };
		05CF8DDD0F1343FB00493EED /* staticres.cpp */ = {isa = PBXFileReference; fileEncoding = 4; lastKnownFileType = sourcecode.cpp.cpp; path = staticres.cpp; sourceTree = "<group>"; };
		05CF8DDE0F1343FB00493EED /* sys.h */ = {isa = PBXFileReference; fileEncoding = 4; lastKnownFileType = sourcecode.c.h; path = sys.h; sourceTree = "<group>"; };
		05CF8DDF0F1343FB00493EED /* systemstub.h */ = {isa = PBXFileReference; fileEncoding = 4; lastKnownFileType = sourcecode.c.h; path = systemstub.h; sourceTree = "<group>"; };
		05CF8DE00F1343FB00493EED /* systemstub_sdl.cpp */ = {isa = PBXFileReference; fileEncoding = 4; lastKnownFileType = sourcecode.cpp.cpp; path = systemstub_sdl.cpp; sourceTree = "<group>"; };
		05CF8DE10F1343FB00493EED /* unpack.cpp */ = {isa = PBXFileReference; fileEncoding = 4; lastKnownFileType = sourcecode.cpp.cpp; path = unpack.cpp; sourceTree = "<group>"; };
		05CF8DE20F1343FB00493EED /* unpack.h */ = {isa = PBXFileReference; fileEncoding = 4; lastKnownFileType = sourcecode.c.h; path = unpack.h; sourceTree = "<group>"; };
		05CF8DE30F1343FB00493EED /* util.cpp */ = {isa = PBXFileReference; fileEncoding = 4; lastKnownFileType = sourcecode.cpp.cpp; path = util.cpp; sourceTree = "<group>"; };
		05CF8DE40F1343FB00493EED /* util.h */ = {isa = PBXFileReference; fileEncoding = 4; lastKnownFileType = sourcecode.c.h; path = util.h; sourceTree = "<group>"; };
		05CF8DE50F1343FB00493EED /* video.cpp */ = {isa = PBXFileReference; fileEncoding = 4; lastKnownFileType = sourcecode.cpp.cpp; path = video.cpp; sourceTree = "<group>"; };
		05CF8DE60F1343FB00493EED /* video.h */ = {isa = PBXFileReference; fileEncoding = 4; lastKnownFileType = sourcecode.c.h; path = video.h; sourceTree = "<group>"; };
		05CF8DFF0F13448D00493EED /* zconf.h */ = {isa = PBXFileReference; fileEncoding = 4; lastKnownFileType = sourcecode.c.h; path = zconf.h; sourceTree = "<group>"; };
		05CF8E000F13448D00493EED /* zconf.in.h */ = {isa = PBXFileReference; fileEncoding = 4; lastKnownFileType = sourcecode.c.h; path = zconf.in.h; sourceTree = "<group>"; };
		05CF8E020F13448D00493EED /* adler32.c */ = {isa = PBXFileReference; fileEncoding = 4; lastKnownFileType = sourcecode.c.c; path = adler32.c; sourceTree = "<group>"; };
		05CF8E030F13448D00493EED /* compress.c */ = {isa = PBXFileReference; fileEncoding = 4; lastKnownFileType = sourcecode.c.c; path = compress.c; sourceTree = "<group>"; };
		05CF8E040F13448D00493EED /* crc32.c */ = {isa = PBXFileReference; fileEncoding = 4; lastKnownFileType = sourcecode.c.c; path = crc32.c; sourceTree = "<group>"; };
		05CF8E050F13448D00493EED /* crc32.h */ = {isa = PBXFileReference; fileEncoding = 4; lastKnownFileType = sourcecode.c.h; path = crc32.h; sourceTree = "<group>"; };
		05CF8E060F13448D00493EED /* deflate.c */ = {isa = PBXFileReference; fileEncoding = 4; lastKnownFileType = sourcecode.c.c; path = deflate.c; sourceTree = "<group>"; };
		05CF8E070F13448D00493EED /* deflate.h */ = {isa = PBXFileReference; fileEncoding = 4; lastKnownFileType = sourcecode.c.h; path = deflate.h; sourceTree = "<group>"; };
		05CF8E080F13448D00493EED /* gzio.c */ = {isa = PBXFileReference; fileEncoding = 4; lastKnownFileType = sourcecode.c.c; path = gzio.c; sourceTree = "<group>"; };
		05CF8E090F13448D00493EED /* infback.c */ = {isa = PBXFileReference; fileEncoding = 4; lastKnownFileType = sourcecode.c.c; path = infback.c; sourceTree = "<group>"; };
		05CF8E0A0F13448D00493EED /* inffast.c */ = {isa = PBXFileReference; fileEncoding = 4; lastKnownFileType = sourcecode.c.c; path = inffast.c; sourceTree = "<group>"; };
		05CF8E0B0F13448D00493EED /* inffast.h */ = {isa = PBXFileReference; fileEncoding = 4; lastKnownFileType = sourcecode.c.h; path = inffast.h; sourceTree = "<group>"; };
		05CF8E0C0F13448D00493EED /* inffixed.h */ = {isa = PBXFileReference; fileEncoding = 4; lastKnownFileType = sourcecode.c.h; path = inffixed.h; sourceTree = "<group>"; };
		05CF8E0D0F13448D00493EED /* inflate.c */ = {isa = PBXFileReference; fileEncoding = 4; lastKnownFileType = sourcecode.c.c; path = inflate.c; sourceTree = "<group>"; };
		05CF8E0E0F13448D00493EED /* inflate.h */ = {isa = PBXFileReference; fileEncoding = 4; lastKnownFileType = sourcecode.c.h; path = inflate.h; sourceTree = "<group>"; };
		05CF8E0F0F13448D00493EED /* inftrees.c */ = {isa = PBXFileReference; fileEncoding = 4; lastKnownFileType = sourcecode.c.c; path = inftrees.c; sourceTree = "<group>"; };
		05CF8E100F13448D00493EED /* inftrees.h */ = {isa = PBXFileReference; fileEncoding = 4; lastKnownFileType = sourcecode.c.h; path = inftrees.h; sourceTree = "<group>"; };
		05CF8E110F13448D00493EED /* trees.c */ = {isa = PBXFileReference; fileEncoding = 4; lastKnownFileType = sourcecode.c.c; path = trees.c; sourceTree = "<group>"; };
		05CF8E120F13448D00493EED /* trees.h */ = {isa = PBXFileReference; fileEncoding = 4; lastKnownFileType = sourcecode.c.h; path = trees.h; sourceTree = "<group>"; };
		05CF8E130F13448D00493EED /* uncompr.c */ = {isa = PBXFileReference; fileEncoding = 4; lastKnownFileType = sourcecode.c.c; path = uncompr.c; sourceTree = "<group>"; };
		05CF8E140F13448D00493EED /* zconf.h */ = {isa = PBXFileReference; fileEncoding = 4; lastKnownFileType = sourcecode.c.h; path = zconf.h; sourceTree = "<group>"; };
		05CF8E150F13448D00493EED /* zlib.3 */ = {isa = PBXFileReference; fileEncoding = 4; lastKnownFileType = text; path = zlib.3; sourceTree = "<group>"; };
		05CF8E160F13448D00493EED /* zlib.h */ = {isa = PBXFileReference; fileEncoding = 4; lastKnownFileType = sourcecode.c.h; path = zlib.h; sourceTree = "<group>"; };
		05CF8E170F13448D00493EED /* zutil.c */ = {isa = PBXFileReference; fileEncoding = 4; lastKnownFileType = sourcecode.c.c; path = zutil.c; sourceTree = "<group>"; };
		05CF8E180F13448D00493EED /* zutil.h */ = {isa = PBXFileReference; fileEncoding = 4; lastKnownFileType = sourcecode.c.h; path = zutil.h; sourceTree = "<group>"; };
		05CF8E190F13448D00493EED /* zlib.h */ = {isa = PBXFileReference; fileEncoding = 4; lastKnownFileType = sourcecode.c.h; path = zlib.h; sourceTree = "<group>"; };
		05CF8E1A0F13448D00493EED /* zutil.h */ = {isa = PBXFileReference; fileEncoding = 4; lastKnownFileType = sourcecode.c.h; path = zutil.h; sourceTree = "<group>"; };
		05CF8F940F1347D800493EED /* AudioUnitQueueManager.h */ = {isa = PBXFileReference; fileEncoding = 4; lastKnownFileType = sourcecode.c.h; path = AudioUnitQueueManager.h; sourceTree = "<group>"; };
		05CF8F950F1347D800493EED /* AudioUnitQueueManager.cpp */ = {isa = PBXFileReference; fileEncoding = 4; lastKnownFileType = sourcecode.cpp.cpp; path = AudioUnitQueueManager.cpp; sourceTree = "<group>"; };
		05CF8F960F1347D800493EED /* iPhoneStub.h */ = {isa = PBXFileReference; fileEncoding = 4; lastKnownFileType = sourcecode.c.h; path = iPhoneStub.h; sourceTree = "<group>"; };
		05CF8F970F1347D800493EED /* iPhoneStub.mm */ = {isa = PBXFileReference; fileEncoding = 4; lastKnownFileType = sourcecode.cpp.objcpp; path = iPhoneStub.mm; sourceTree = "<group>"; };
		05CF8F9E0F13480700493EED /* CGVector.h */ = {isa = PBXFileReference; fileEncoding = 4; lastKnownFileType = sourcecode.c.h; path = CGVector.h; sourceTree = "<group>"; };
		05CF8F9F0F13480700493EED /* JoyStick.h */ = {isa = PBXFileReference; fileEncoding = 4; lastKnownFileType = sourcecode.c.h; path = JoyStick.h; sourceTree = "<group>"; };
		05CF8FA00F13480700493EED /* debug.h */ = {isa = PBXFileReference; fileEncoding = 4; lastKnownFileType = sourcecode.c.h; path = debug.h; sourceTree = "<group>"; };
		05CF8FAC0F134A3E00493EED /* AudioToolbox.framework */ = {isa = PBXFileReference; lastKnownFileType = wrapper.framework; name = AudioToolbox.framework; path = System/Library/Frameworks/AudioToolbox.framework; sourceTree = SDKROOT; };
		05CF8FB40F134A5E00493EED /* CoreAudio.framework */ = {isa = PBXFileReference; lastKnownFileType = wrapper.framework; name = CoreAudio.framework; path = System/Library/Frameworks/CoreAudio.framework; sourceTree = SDKROOT; };
		05CF8FCC0F134BAC00493EED /* CocoaUtility.h */ = {isa = PBXFileReference; fileEncoding = 4; lastKnownFileType = sourcecode.c.h; path = CocoaUtility.h; sourceTree = "<group>"; };
		05CF8FCD0F134BAC00493EED /* CocoaUtility.m */ = {isa = PBXFileReference; fileEncoding = 4; lastKnownFileType = sourcecode.c.objc; path = CocoaUtility.m; sourceTree = "<group>"; };
		05CF8FFB0F134C2100493EED /* DisplayView.h */ = {isa = PBXFileReference; fileEncoding = 4; lastKnownFileType = sourcecode.c.h; path = DisplayView.h; sourceTree = "<group>"; };
		05CF8FFC0F134C2100493EED /* DisplayView.mm */ = {isa = PBXFileReference; fileEncoding = 4; lastKnownFileType = sourcecode.cpp.objcpp; path = DisplayView.mm; sourceTree = "<group>"; };
		05CF8FFD0F134C2100493EED /* EmulationViewController.h */ = {isa = PBXFileReference; fileEncoding = 4; lastKnownFileType = sourcecode.c.h; path = EmulationViewController.h; sourceTree = "<group>"; };
		05CF8FFE0F134C2100493EED /* EmulationViewController.mm */ = {isa = PBXFileReference; fileEncoding = 4; lastKnownFileType = sourcecode.cpp.objcpp; path = EmulationViewController.mm; sourceTree = "<group>"; };
		05CF90010F134C2100493EED /* InputControllerView.h */ = {isa = PBXFileReference; fileEncoding = 4; lastKnownFileType = sourcecode.c.h; path = InputControllerView.h; sourceTree = "<group>"; };
		05CF90020F134C2100493EED /* InputControllerView.mm */ = {isa = PBXFileReference; fileEncoding = 4; lastKnownFileType = sourcecode.cpp.objcpp; path = InputControllerView.mm; sourceTree = "<group>"; };
		05CF900A0F134C9C00493EED /* MainWindow.xib */ = {isa = PBXFileReference; lastKnownFileType = file.xib; path = MainWindow.xib; sourceTree = "<group>"; };
		05E669170F5F9D60009B15FB /* joystick_bg.png */ = {isa = PBXFileReference; lastKnownFileType = image.png; path = joystick_bg.png; sourceTree = "<group>"; };
		05E669180F5F9D60009B15FB /* joystick_stick.png */ = {isa = PBXFileReference; lastKnownFileType = image.png; path = joystick_stick.png; sourceTree = "<group>"; };
		05E669260F5FA48C009B15FB /* joystick_rest.png */ = {isa = PBXFileReference; lastKnownFileType = image.png; path = joystick_rest.png; sourceTree = "<group>"; };
		05EF49660F9A89F80059B60B /* ImageBarControl.h */ = {isa = PBXFileReference; fileEncoding = 4; lastKnownFileType = sourcecode.c.h; path = ImageBarControl.h; sourceTree = "<group>"; };
		05EF49670F9A89F80059B60B /* ImageBarControl.m */ = {isa = PBXFileReference; fileEncoding = 4; lastKnownFileType = sourcecode.c.objc; path = ImageBarControl.m; sourceTree = "<group>"; };
		05EF4B190F9AE83B0059B60B /* SaveGameCell.xib */ = {isa = PBXFileReference; lastKnownFileType = file.xib; path = SaveGameCell.xib; sourceTree = "<group>"; };
		05EF4B2F0F9AE8A80059B60B /* SaveGameCell.h */ = {isa = PBXFileReference; fileEncoding = 4; lastKnownFileType = sourcecode.c.h; path = SaveGameCell.h; sourceTree = "<group>"; };
		05EF4B300F9AE8A80059B60B /* SaveGameCell.m */ = {isa = PBXFileReference; fileEncoding = 4; lastKnownFileType = sourcecode.c.objc; path = SaveGameCell.m; sourceTree = "<group>"; };
		05EF4B490F9AEA4D0059B60B /* SaveGameBrowserController.h */ = {isa = PBXFileReference; fileEncoding = 4; lastKnownFileType = sourcecode.c.h; path = SaveGameBrowserController.h; sourceTree = "<group>"; };
		05EF4B4A0F9AEA4D0059B60B /* SaveGameBrowserController.m */ = {isa = PBXFileReference; fileEncoding = 4; lastKnownFileType = sourcecode.c.objc; path = SaveGameBrowserController.m; sourceTree = "<group>"; };
		05EF4B610F9AEC730059B60B /* SaveGameFileInfo.h */ = {isa = PBXFileReference; fileEncoding = 4; lastKnownFileType = sourcecode.c.h; path = SaveGameFileInfo.h; sourceTree = "<group>"; };
		05EF4B620F9AEC730059B60B /* SaveGameFileInfo.mm */ = {isa = PBXFileReference; fileEncoding = 4; lastKnownFileType = sourcecode.cpp.objcpp; path = SaveGameFileInfo.mm; sourceTree = "<group>"; };
		05EF4C470F9AF9980059B60B /* SaveGameBrowser.xib */ = {isa = PBXFileReference; lastKnownFileType = file.xib; path = SaveGameBrowser.xib; sourceTree = "<group>"; };
		05FC76590F959C440022C458 /* FlashbackDataLoader.h */ = {isa = PBXFileReference; fileEncoding = 4; lastKnownFileType = sourcecode.c.h; path = FlashbackDataLoader.h; sourceTree = "<group>"; };
		05FC765A0F959C440022C458 /* FlashbackDataLoader.m */ = {isa = PBXFileReference; fileEncoding = 4; lastKnownFileType = sourcecode.c.objc; path = FlashbackDataLoader.m; sourceTree = "<group>"; };
		05FC76C20F95AF6C0022C458 /* InstallView.h */ = {isa = PBXFileReference; fileEncoding = 4; lastKnownFileType = sourcecode.c.h; path = InstallView.h; sourceTree = "<group>"; };
		05FC76C30F95AF6C0022C458 /* InstallView.m */ = {isa = PBXFileReference; fileEncoding = 4; lastKnownFileType = sourcecode.c.objc; path = InstallView.m; sourceTree = "<group>"; };
		1D30AB110D05D00D00671497 /* Foundation.framework */ = {isa = PBXFileReference; lastKnownFileType = wrapper.framework; name = Foundation.framework; path = System/Library/Frameworks/Foundation.framework; sourceTree = SDKROOT; };
		1D3623240D0F684500981E51 /* FlashbackAppDelegate.h */ = {isa = PBXFileReference; fileEncoding = 4; lastKnownFileType = sourcecode.c.h; path = FlashbackAppDelegate.h; sourceTree = "<group>"; };
		1D3623250D0F684500981E51 /* FlashbackAppDelegate.mm */ = {isa = PBXFileReference; fileEncoding = 4; lastKnownFileType = sourcecode.cpp.objcpp; path = FlashbackAppDelegate.mm; sourceTree = "<group>"; };
		1D6058910D05DD3D006BFB54 /* Flashback.app */ = {isa = PBXFileReference; explicitFileType = wrapper.application; includeInIndex = 0; path = Flashback.app; sourceTree = BUILT_PRODUCTS_DIR; };
		1DF5F4DF0D08C38300B7A737 /* UIKit.framework */ = {isa = PBXFileReference; lastKnownFileType = wrapper.framework; name = UIKit.framework; path = System/Library/Frameworks/UIKit.framework; sourceTree = SDKROOT; };
		288765FC0DF74451002DB57D /* CoreGraphics.framework */ = {isa = PBXFileReference; lastKnownFileType = wrapper.framework; name = CoreGraphics.framework; path = System/Library/Frameworks/CoreGraphics.framework; sourceTree = SDKROOT; };
		29B97316FDCFA39411CA2CEA /* main.m */ = {isa = PBXFileReference; fileEncoding = 4; lastKnownFileType = sourcecode.c.objc; path = main.m; sourceTree = "<group>"; };
		32CA4F630368D1EE00C91783 /* Flashback_Prefix.pch */ = {isa = PBXFileReference; fileEncoding = 4; lastKnownFileType = sourcecode.c.h; path = Flashback_Prefix.pch; sourceTree = "<group>"; };
		8D1107310486CEB800E47090 /* Info.plist */ = {isa = PBXFileReference; fileEncoding = 4; lastKnownFileType = text.plist.xml; path = Info.plist; sourceTree = "<group>"; };
/* End PBXFileReference section */

/* Begin PBXFrameworksBuildPhase section */
		1D60588F0D05DD3D006BFB54 /* Frameworks */ = {
			isa = PBXFrameworksBuildPhase;
			buildActionMask = 2147483647;
			files = (
				1D60589F0D05DD5A006BFB54 /* Foundation.framework in Frameworks */,
				1DF5F4E00D08C38300B7A737 /* UIKit.framework in Frameworks */,
				288765FD0DF74451002DB57D /* CoreGraphics.framework in Frameworks */,
				05CF8FAD0F134A3E00493EED /* AudioToolbox.framework in Frameworks */,
				05CF8FB50F134A5E00493EED /* CoreAudio.framework in Frameworks */,
				051F8D400F9BDE8E006AD1B1 /* libFlurry.a in Frameworks */,
			);
			runOnlyForDeploymentPostprocessing = 0;
		};
/* End PBXFrameworksBuildPhase section */

/* Begin PBXGroup section */
		050C9AED0F91BB1E00A8EC38 /* Control Panel */ = {
			isa = PBXGroup;
			children = (
				051F8C160F9BC990006AD1B1 /* Credits */,
				05EF49650F9A89B30059B60B /* SaveGameBrowser */,
				050C9AEE0F91BB3900A8EC38 /* ControlPanelViewController.h */,
				050C9AEF0F91BB3900A8EC38 /* ControlPanelViewController.mm */,
				050C9AF10F91BB6200A8EC38 /* ControlPanelView.xib */,
				05EF4B610F9AEC730059B60B /* SaveGameFileInfo.h */,
				05EF4B620F9AEC730059B60B /* SaveGameFileInfo.mm */,
			);
			name = "Control Panel";
			sourceTree = "<group>";
		};
		051F8C160F9BC990006AD1B1 /* Credits */ = {
			isa = PBXGroup;
			children = (
				051F8C1D0F9BCC5B006AD1B1 /* CreditsViewController.h */,
				051F8C1E0F9BCC5B006AD1B1 /* CreditsViewController.m */,
				051F8C180F9BC9A5006AD1B1 /* CreditsView.xib */,
			);
			name = Credits;
			sourceTree = "<group>";
		};
		051F8D3D0F9BDE8E006AD1B1 /* FlurryLib */ = {
			isa = PBXGroup;
			children = (
				051F8D3E0F9BDE8E006AD1B1 /* FlurryAPI.h */,
				051F8D3F0F9BDE8E006AD1B1 /* libFlurry.a */,
			);
			path = FlurryLib;
			sourceTree = "<group>";
		};
		0552276F0F5BB01600512D4B /* landscape-joystick */ = {
			isa = PBXGroup;
			children = (
				05E669170F5F9D60009B15FB /* joystick_bg.png */,
				05E669180F5F9D60009B15FB /* joystick_stick.png */,
				05E669260F5FA48C009B15FB /* joystick_rest.png */,
			);
			name = "landscape-joystick";
			sourceTree = "<group>";
		};
		0553B5AF0F9A8585007329CB /* control-panel */ = {
			isa = PBXGroup;
			children = (
				055CE1E80F916F2A0055F163 /* console_bg.png */,
				0553B5BA0F9A859F007329CB /* btn_save.png */,
				0553B5BB0F9A859F007329CB /* btn_save_active.png */,
				0553B5BC0F9A859F007329CB /* btn_load.png */,
				0553B5BD0F9A859F007329CB /* btn_load_active.png */,
				0553B5BE0F9A859F007329CB /* btn_info.png */,
				0553B5BF0F9A859F007329CB /* btn_info_active.png */,
			);
			name = "control-panel";
			sourceTree = "<group>";
		};
		05CF8DB50F1343CA00493EED /* Game Engine */ = {
			isa = PBXGroup;
			children = (
				05CF8DB80F1343D200493EED /* iPhone */,
				05CF8DBF0F1343FB00493EED /* REminiscence-0.1.9 */,
			);
			name = "Game Engine";
			sourceTree = "<group>";
		};
		05CF8DB80F1343D200493EED /* iPhone */ = {
			isa = PBXGroup;
			children = (
				05CF8F930F1347D800493EED /* audio */,
				055D73910F8DD6240044F5AF /* GameNotifications.h */,
				055D744D0F8DDFCA0044F5AF /* NSNotificationAdditions.h */,
				055D744C0F8DDFCA0044F5AF /* NSNotificationAdditions.m */,
				050C9A780F91A05100A8EC38 /* CNSRecursiveLock.h */,
				05CF8F960F1347D800493EED /* iPhoneStub.h */,
				05CF8F970F1347D800493EED /* iPhoneStub.mm */,
			);
			name = iPhone;
			sourceTree = "<group>";
		};
		05CF8DBF0F1343FB00493EED /* REminiscence-0.1.9 */ = {
			isa = PBXGroup;
			children = (
				05CF8DC00F1343FB00493EED /* collision.cpp */,
				05CF8DC10F1343FB00493EED /* COPYING */,
				05CF8DC30F1343FB00493EED /* cutscene.h */,
				05CF8DC20F1343FB00493EED /* cutscene.cpp */,
				05CF8DC50F1343FB00493EED /* file.h */,
				05CF8DC40F1343FB00493EED /* file.cpp */,
				05CF8DC70F1343FB00493EED /* game.h */,
				05CF8DC60F1343FB00493EED /* game.cpp */,
				05CF8DC90F1343FB00493EED /* graphics.h */,
				05CF8DC80F1343FB00493EED /* graphics.cpp */,
				05CF8DCA0F1343FB00493EED /* intern.h */,
				05CF8DCD0F1343FB00493EED /* main.cpp */,
				05CF8DD00F1343FB00493EED /* menu.h */,
				05CF8DCF0F1343FB00493EED /* menu.cpp */,
				05CF8DD20F1343FB00493EED /* mixer.h */,
				05CF8DD10F1343FB00493EED /* mixer.cpp */,
				05CF8DD40F1343FB00493EED /* mod_player.h */,
				05CF8DD30F1343FB00493EED /* mod_player.cpp */,
				05CF8DD50F1343FB00493EED /* piege.cpp */,
				05CF8DD60F1343FB00493EED /* README */,
				05CF8DD80F1343FB00493EED /* resource.h */,
				05CF8DD70F1343FB00493EED /* resource.cpp */,
				05CF8DDC0F1343FB00493EED /* sfx_player.h */,
				05CF8DDB0F1343FB00493EED /* sfx_player.cpp */,
				05CF8DDD0F1343FB00493EED /* staticres.cpp */,
				05CF8DDE0F1343FB00493EED /* sys.h */,
				05CF8DDF0F1343FB00493EED /* systemstub.h */,
				05CF8DE00F1343FB00493EED /* systemstub_sdl.cpp */,
				055D73060F8DC68A0044F5AF /* UINotification.h */,
				055D73070F8DC68A0044F5AF /* UINotification.cpp */,
				05CF8DE20F1343FB00493EED /* unpack.h */,
				05CF8DE10F1343FB00493EED /* unpack.cpp */,
				05CF8DE40F1343FB00493EED /* util.h */,
				05CF8DE30F1343FB00493EED /* util.cpp */,
				05CF8DE60F1343FB00493EED /* video.h */,
				05CF8DE50F1343FB00493EED /* video.cpp */,
				05CF8DFF0F13448D00493EED /* zconf.h */,
				05CF8E000F13448D00493EED /* zconf.in.h */,
				05CF8E010F13448D00493EED /* zlib */,
				05CF8E190F13448D00493EED /* zlib.h */,
				05CF8E1A0F13448D00493EED /* zutil.h */,
			);
			path = "REminiscence-0.1.9";
			sourceTree = "<group>";
		};
		05CF8E010F13448D00493EED /* zlib */ = {
			isa = PBXGroup;
			children = (
				05CF8E020F13448D00493EED /* adler32.c */,
				05CF8E030F13448D00493EED /* compress.c */,
				05CF8E040F13448D00493EED /* crc32.c */,
				05CF8E050F13448D00493EED /* crc32.h */,
				05CF8E060F13448D00493EED /* deflate.c */,
				05CF8E070F13448D00493EED /* deflate.h */,
				05CF8E080F13448D00493EED /* gzio.c */,
				05CF8E090F13448D00493EED /* infback.c */,
				05CF8E0A0F13448D00493EED /* inffast.c */,
				05CF8E0B0F13448D00493EED /* inffast.h */,
				05CF8E0C0F13448D00493EED /* inffixed.h */,
				05CF8E0D0F13448D00493EED /* inflate.c */,
				05CF8E0E0F13448D00493EED /* inflate.h */,
				05CF8E0F0F13448D00493EED /* inftrees.c */,
				05CF8E100F13448D00493EED /* inftrees.h */,
				05CF8E110F13448D00493EED /* trees.c */,
				05CF8E120F13448D00493EED /* trees.h */,
				05CF8E130F13448D00493EED /* uncompr.c */,
				05CF8E140F13448D00493EED /* zconf.h */,
				05CF8E150F13448D00493EED /* zlib.3 */,
				05CF8E160F13448D00493EED /* zlib.h */,
				05CF8E170F13448D00493EED /* zutil.c */,
				05CF8E180F13448D00493EED /* zutil.h */,
			);
			path = zlib;
			sourceTree = "<group>";
		};
		05CF8F930F1347D800493EED /* audio */ = {
			isa = PBXGroup;
			children = (
				05CF8F940F1347D800493EED /* AudioUnitQueueManager.h */,
				05CF8F950F1347D800493EED /* AudioUnitQueueManager.cpp */,
			);
			name = audio;
			sourceTree = "<group>";
		};
		05CF8F9D0F1347F700493EED /* Emulator */ = {
			isa = PBXGroup;
			children = (
				058FD7820F971FD200B6698C /* FlashbackConfig.h */,
				05CF8FFB0F134C2100493EED /* DisplayView.h */,
				05CF8FFC0F134C2100493EED /* DisplayView.mm */,
				05CF8FFD0F134C2100493EED /* EmulationViewController.h */,
				05CF8FFE0F134C2100493EED /* EmulationViewController.mm */,
				05B04C0F0F5E4B8A0095DE90 /* GameControlsView.h */,
				05B04C100F5E4B8A0095DE90 /* GameControlsView.mm */,
				05CF90010F134C2100493EED /* InputControllerView.h */,
				05CF90020F134C2100493EED /* InputControllerView.mm */,
				0552276C0F5BAFE900512D4B /* JoystickViewLandscape.h */,
				0552276D0F5BAFE900512D4B /* JoystickViewLandscape.mm */,
				05CF8F9E0F13480700493EED /* CGVector.h */,
				05CF8F9F0F13480700493EED /* JoyStick.h */,
				05CF8FA00F13480700493EED /* debug.h */,
			);
			name = Emulator;
			sourceTree = "<group>";
		};
		05CF8FCB0F134BAC00493EED /* Utility */ = {
			isa = PBXGroup;
			children = (
				05CF8FCC0F134BAC00493EED /* CocoaUtility.h */,
				05CF8FCD0F134BAC00493EED /* CocoaUtility.m */,
				05EF49660F9A89F80059B60B /* ImageBarControl.h */,
				05EF49670F9A89F80059B60B /* ImageBarControl.m */,
				051F8DC00F9BEAE3006AD1B1 /* ValidationCheck.h */,
			);
			name = Utility;
			sourceTree = "<group>";
		};
		05CF8FDF0F134BCC00493EED /* images */ = {
			isa = PBXGroup;
			children = (
				05E669140F5F9B91009B15FB /* skin */,
				0552276F0F5BB01600512D4B /* landscape-joystick */,
			);
			name = images;
			sourceTree = "<group>";
		};
		05E669140F5F9B91009B15FB /* skin */ = {
			isa = PBXGroup;
			children = (
				0553B5AF0F9A8585007329CB /* control-panel */,
				05EF492B0F9A86370059B60B /* game-controls */,
				05FC769D0F95AEA70022C458 /* splash */,
				055CE1E70F916F2A0055F163 /* overlay_merged.png */,
			);
			name = skin;
			sourceTree = "<group>";
		};
		05EF492B0F9A86370059B60B /* game-controls */ = {
			isa = PBXGroup;
			children = (
				055CE1E90F916F2A0055F163 /* btn_use.png */,
				055CE1EA0F916F2A0055F163 /* btn_skip.png */,
				055CE1EB0F916F2A0055F163 /* btn_select.png */,
				055CE1EC0F916F2A0055F163 /* btn_score.png */,
				055CE1ED0F916F2A0055F163 /* btn_menu.png */,
				055CE1EE0F916F2A0055F163 /* btn_items.png */,
				055CE1EF0F916F2A0055F163 /* btn_gun.png */,
				055CE1F00F916F2A0055F163 /* btn_fire.png */,
			);
			name = "game-controls";
			sourceTree = "<group>";
		};
		05EF49650F9A89B30059B60B /* SaveGameBrowser */ = {
			isa = PBXGroup;
			children = (
				05EF4B2F0F9AE8A80059B60B /* SaveGameCell.h */,
				05EF4B300F9AE8A80059B60B /* SaveGameCell.m */,
				05EF4B190F9AE83B0059B60B /* SaveGameCell.xib */,
				05EF4B490F9AEA4D0059B60B /* SaveGameBrowserController.h */,
				05EF4B4A0F9AEA4D0059B60B /* SaveGameBrowserController.m */,
				05EF4C470F9AF9980059B60B /* SaveGameBrowser.xib */,
			);
			name = SaveGameBrowser;
			sourceTree = "<group>";
		};
		05FC76570F959C300022C458 /* Data Loader */ = {
			isa = PBXGroup;
			children = (
				05FC76590F959C440022C458 /* FlashbackDataLoader.h */,
				05FC765A0F959C440022C458 /* FlashbackDataLoader.m */,
				058FD7250F971A6A00B6698C /* LiteUnzip.h */,
				058FD7260F971A6A00B6698C /* LiteUnzip.c */,
			);
			name = "Data Loader";
			sourceTree = "<group>";
		};
		05FC769D0F95AEA70022C458 /* splash */ = {
			isa = PBXGroup;
			children = (
				0553B3F70F99B73B007329CB /* splash01.png */,
				0553B3F90F99B73B007329CB /* splash02.png */,
				0553B3F80F99B73B007329CB /* splash03.png */,
				0553B3F60F99B73B007329CB /* splash04.png */,
			);
			name = splash;
			sourceTree = "<group>";
		};
		05FC76C10F95AF0F0022C458 /* Install */ = {
			isa = PBXGroup;
			children = (
				05FC76C20F95AF6C0022C458 /* InstallView.h */,
				05FC76C30F95AF6C0022C458 /* InstallView.m */,
			);
			name = Install;
			sourceTree = "<group>";
		};
		080E96DDFE201D6D7F000001 /* Classes */ = {
			isa = PBXGroup;
			children = (
				05FC76C10F95AF0F0022C458 /* Install */,
				05FC76570F959C300022C458 /* Data Loader */,
				050C9AED0F91BB1E00A8EC38 /* Control Panel */,
				05CF8F9D0F1347F700493EED /* Emulator */,
				1D3623240D0F684500981E51 /* FlashbackAppDelegate.h */,
				1D3623250D0F684500981E51 /* FlashbackAppDelegate.mm */,
				05CF8FCB0F134BAC00493EED /* Utility */,
			);
			path = Classes;
			sourceTree = "<group>";
		};
		19C28FACFE9D520D11CA2CBB /* Products */ = {
			isa = PBXGroup;
			children = (
				1D6058910D05DD3D006BFB54 /* Flashback.app */,
			);
			name = Products;
			sourceTree = "<group>";
		};
		29B97314FDCFA39411CA2CEA /* CustomTemplate */ = {
			isa = PBXGroup;
			children = (
				080E96DDFE201D6D7F000001 /* Classes */,
				05CF8DB50F1343CA00493EED /* Game Engine */,
				29B97315FDCFA39411CA2CEA /* Other Sources */,
				29B97317FDCFA39411CA2CEA /* Resources */,
				29B97323FDCFA39411CA2CEA /* Frameworks */,
				19C28FACFE9D520D11CA2CBB /* Products */,
			);
			name = CustomTemplate;
			sourceTree = "<group>";
		};
		29B97315FDCFA39411CA2CEA /* Other Sources */ = {
			isa = PBXGroup;
			children = (
				051F8D3D0F9BDE8E006AD1B1 /* FlurryLib */,
				32CA4F630368D1EE00C91783 /* Flashback_Prefix.pch */,
				29B97316FDCFA39411CA2CEA /* main.m */,
			);
			name = "Other Sources";
			sourceTree = "<group>";
		};
		29B97317FDCFA39411CA2CEA /* Resources */ = {
			isa = PBXGroup;
			children = (
				05CF8FDF0F134BCC00493EED /* images */,
				05CF900A0F134C9C00493EED /* MainWindow.xib */,
				05B04C080F5E4B4D0095DE90 /* GameControlsView.xib */,
				8D1107310486CEB800E47090 /* Info.plist */,
				0552293B0F5BCBA900512D4B /* Entitlements.plist */,
				051F8CD30F9BD9ED006AD1B1 /* icon_57x57.png */,
			);
			name = Resources;
			sourceTree = "<group>";
		};
		29B97323FDCFA39411CA2CEA /* Frameworks */ = {
			isa = PBXGroup;
			children = (
				05CF8FAC0F134A3E00493EED /* AudioToolbox.framework */,
				05CF8FB40F134A5E00493EED /* CoreAudio.framework */,
				1DF5F4DF0D08C38300B7A737 /* UIKit.framework */,
				1D30AB110D05D00D00671497 /* Foundation.framework */,
				288765FC0DF74451002DB57D /* CoreGraphics.framework */,
			);
			name = Frameworks;
			sourceTree = "<group>";
		};
/* End PBXGroup section */

/* Begin PBXNativeTarget section */
		1D6058900D05DD3D006BFB54 /* Flashback */ = {
			isa = PBXNativeTarget;
			buildConfigurationList = 1D6058960D05DD3E006BFB54 /* Build configuration list for PBXNativeTarget "Flashback" */;
			buildPhases = (
				1D60588D0D05DD3D006BFB54 /* Resources */,
				1D60588E0D05DD3D006BFB54 /* Sources */,
				1D60588F0D05DD3D006BFB54 /* Frameworks */,
			);
			buildRules = (
			);
			dependencies = (
			);
			name = Flashback;
			productName = Flashback;
			productReference = 1D6058910D05DD3D006BFB54 /* Flashback.app */;
			productType = "com.apple.product-type.application";
		};
/* End PBXNativeTarget section */

/* Begin PBXProject section */
		29B97313FDCFA39411CA2CEA /* Project object */ = {
			isa = PBXProject;
			buildConfigurationList = C01FCF4E08A954540054247B /* Build configuration list for PBXProject "Flashback" */;
			compatibilityVersion = "Xcode 3.1";
			hasScannedForEncodings = 1;
			mainGroup = 29B97314FDCFA39411CA2CEA /* CustomTemplate */;
			projectDirPath = "";
			projectRoot = "";
			targets = (
				1D6058900D05DD3D006BFB54 /* Flashback */,
			);
		};
/* End PBXProject section */

/* Begin PBXResourcesBuildPhase section */
		1D60588D0D05DD3D006BFB54 /* Resources */ = {
			isa = PBXResourcesBuildPhase;
			buildActionMask = 2147483647;
			files = (
				05CF8DE80F1343FB00493EED /* COPYING in Resources */,
				05CF8DF40F1343FB00493EED /* README in Resources */,
				05CF8E260F13448D00493EED /* zlib.3 in Resources */,
				05CF900B0F134C9C00493EED /* MainWindow.xib in Resources */,
				0552293C0F5BCBA900512D4B /* Entitlements.plist in Resources */,
				05B04C090F5E4B4D0095DE90 /* GameControlsView.xib in Resources */,
				05E6691F0F5F9D60009B15FB /* joystick_bg.png in Resources */,
				05E669200F5F9D60009B15FB /* joystick_stick.png in Resources */,
				05E669270F5FA48C009B15FB /* joystick_rest.png in Resources */,
				055CE1F10F916F2A0055F163 /* overlay_merged.png in Resources */,
				055CE1F20F916F2A0055F163 /* console_bg.png in Resources */,
				055CE1F30F916F2A0055F163 /* btn_use.png in Resources */,
				055CE1F40F916F2A0055F163 /* btn_skip.png in Resources */,
				055CE1F50F916F2A0055F163 /* btn_select.png in Resources */,
				055CE1F60F916F2A0055F163 /* btn_score.png in Resources */,
				055CE1F70F916F2A0055F163 /* btn_menu.png in Resources */,
				055CE1F80F916F2A0055F163 /* btn_items.png in Resources */,
				055CE1F90F916F2A0055F163 /* btn_gun.png in Resources */,
				055CE1FA0F916F2A0055F163 /* btn_fire.png in Resources */,
				050C9AF20F91BB6200A8EC38 /* ControlPanelView.xib in Resources */,
				0553B3FA0F99B73B007329CB /* splash04.png in Resources */,
				0553B3FB0F99B73B007329CB /* splash01.png in Resources */,
				0553B3FC0F99B73B007329CB /* splash03.png in Resources */,
				0553B3FD0F99B73B007329CB /* splash02.png in Resources */,
				0553B5C00F9A859F007329CB /* btn_save.png in Resources */,
				0553B5C10F9A859F007329CB /* btn_save_active.png in Resources */,
				0553B5C20F9A859F007329CB /* btn_load.png in Resources */,
				0553B5C30F9A859F007329CB /* btn_load_active.png in Resources */,
				0553B5C40F9A859F007329CB /* btn_info.png in Resources */,
				0553B5C50F9A859F007329CB /* btn_info_active.png in Resources */,
				05EF4B1A0F9AE83B0059B60B /* SaveGameCell.xib in Resources */,
				05EF4C480F9AF9980059B60B /* SaveGameBrowser.xib in Resources */,
				051F8C190F9BC9A5006AD1B1 /* CreditsView.xib in Resources */,
				051F8CD40F9BD9ED006AD1B1 /* icon_57x57.png in Resources */,
			);
			runOnlyForDeploymentPostprocessing = 0;
		};
/* End PBXResourcesBuildPhase section */

/* Begin PBXSourcesBuildPhase section */
		1D60588E0D05DD3D006BFB54 /* Sources */ = {
			isa = PBXSourcesBuildPhase;
			buildActionMask = 2147483647;
			files = (
				055227650F5BAF8200512D4B /* main.m in Sources */,
				1D3623260D0F684500981E51 /* FlashbackAppDelegate.mm in Sources */,
				05CF8DE70F1343FB00493EED /* collision.cpp in Sources */,
				05CF8DE90F1343FB00493EED /* cutscene.cpp in Sources */,
				05CF8DEA0F1343FB00493EED /* file.cpp in Sources */,
				05CF8DEB0F1343FB00493EED /* game.cpp in Sources */,
				05CF8DEC0F1343FB00493EED /* graphics.cpp in Sources */,
				05CF8DF00F1343FB00493EED /* menu.cpp in Sources */,
				05CF8DF10F1343FB00493EED /* mixer.cpp in Sources */,
				05CF8DF20F1343FB00493EED /* mod_player.cpp in Sources */,
				05CF8DF30F1343FB00493EED /* piege.cpp in Sources */,
				05CF8DF50F1343FB00493EED /* resource.cpp in Sources */,
				05CF8DF70F1343FB00493EED /* sfx_player.cpp in Sources */,
				05CF8DF80F1343FB00493EED /* staticres.cpp in Sources */,
				05CF8DF90F1343FB00493EED /* systemstub_sdl.cpp in Sources */,
				05CF8DFA0F1343FB00493EED /* unpack.cpp in Sources */,
				05CF8DFB0F1343FB00493EED /* util.cpp in Sources */,
				05CF8DFC0F1343FB00493EED /* video.cpp in Sources */,
				05CF8E1B0F13448D00493EED /* adler32.c in Sources */,
				05CF8E1C0F13448D00493EED /* compress.c in Sources */,
				05CF8E1D0F13448D00493EED /* crc32.c in Sources */,
				05CF8E1E0F13448D00493EED /* deflate.c in Sources */,
				05CF8E1F0F13448D00493EED /* gzio.c in Sources */,
				05CF8E200F13448D00493EED /* infback.c in Sources */,
				05CF8E210F13448D00493EED /* inffast.c in Sources */,
				05CF8E220F13448D00493EED /* inflate.c in Sources */,
				05CF8E230F13448D00493EED /* inftrees.c in Sources */,
				05CF8E240F13448D00493EED /* trees.c in Sources */,
				05CF8E250F13448D00493EED /* uncompr.c in Sources */,
				05CF8E270F13448D00493EED /* zutil.c in Sources */,
				05CF8F9A0F1347D800493EED /* AudioUnitQueueManager.cpp in Sources */,
				05CF8F9B0F1347D800493EED /* iPhoneStub.mm in Sources */,
				05CF8FCE0F134BAC00493EED /* CocoaUtility.m in Sources */,
				05CF90050F134C2100493EED /* DisplayView.mm in Sources */,
				05CF90060F134C2100493EED /* EmulationViewController.mm in Sources */,
				05CF90080F134C2100493EED /* InputControllerView.mm in Sources */,
				0552276E0F5BAFE900512D4B /* JoystickViewLandscape.mm in Sources */,
				05B04C110F5E4B8A0095DE90 /* GameControlsView.mm in Sources */,
				055D73080F8DC68A0044F5AF /* UINotification.cpp in Sources */,
				055D744E0F8DDFCA0044F5AF /* NSNotificationAdditions.m in Sources */,
				050C9AF00F91BB3900A8EC38 /* ControlPanelViewController.mm in Sources */,
				05FC765B0F959C440022C458 /* FlashbackDataLoader.m in Sources */,
				05FC76C40F95AF6C0022C458 /* InstallView.m in Sources */,
				058FD7270F971A6A00B6698C /* LiteUnzip.c in Sources */,
				05EF49680F9A89F80059B60B /* ImageBarControl.m in Sources */,
				05EF4B310F9AE8A80059B60B /* SaveGameCell.m in Sources */,
				05EF4B4B0F9AEA4D0059B60B /* SaveGameBrowserController.m in Sources */,
				05EF4B630F9AEC730059B60B /* SaveGameFileInfo.mm in Sources */,
				051F8C1F0F9BCC5B006AD1B1 /* CreditsViewController.m in Sources */,
			);
			runOnlyForDeploymentPostprocessing = 0;
		};
/* End PBXSourcesBuildPhase section */

/* Begin XCBuildConfiguration section */
		0517E6170F5BCDE70061011E /* Distribution */ = {
			isa = XCBuildConfiguration;
			buildSettings = {
				ARCHS = "$(ARCHS_STANDARD_32_BIT)";
				CODE_SIGN_ENTITLEMENTS = Entitlements.plist;
				"CODE_SIGN_IDENTITY[sdk=iphoneos*]" = "iPhone Distribution: Manomio LLC";
				GCC_CHAR_IS_UNSIGNED_CHAR = YES;
				GCC_C_LANGUAGE_STANDARD = c99;
				GCC_DYNAMIC_NO_PIC = YES;
				GCC_FAST_MATH = YES;
				GCC_GENERATE_DEBUGGING_SYMBOLS = NO;
				GCC_OBJC_CALL_CXX_CDTORS = YES;
				GCC_OPTIMIZATION_LEVEL = 3;
				GCC_PREPROCESSOR_DEFINITIONS = NDEBUG;
				GCC_STRICT_ALIASING = YES;
				GCC_THREADSAFE_STATICS = NO;
				GCC_THUMB_SUPPORT = NO;
				GCC_UNROLL_LOOPS = YES;
				GCC_WARN_ABOUT_RETURN_TYPE = YES;
				GCC_WARN_TYPECHECK_CALLS_TO_PRINTF = YES;
				GCC_WARN_UNUSED_VARIABLE = YES;
				OTHER_CFLAGS = (
					"-finline-functions",
					"-fno-PIE",
					"-fomit-frame-pointer",
					"-falign-loops=16",
				);
				PREBINDING = NO;
				"PROVISIONING_PROFILE[sdk=iphoneos*]" = "779DFF0D-B22A-462F-94D2-073122BF2A94";
				SDKROOT = iphoneos2.2;
			};
			name = Distribution;
		};
		0517E6180F5BCDE70061011E /* Distribution */ = {
			isa = XCBuildConfiguration;
			buildSettings = {
				ALWAYS_SEARCH_USER_PATHS = NO;
				COPY_PHASE_STRIP = YES;
				GCC_PRECOMPILE_PREFIX_HEADER = YES;
				GCC_PREFIX_HEADER = Flashback_Prefix.pch;
				INFOPLIST_FILE = Info.plist;
				LIBRARY_SEARCH_PATHS = (
					"$(inherited)",
					"\"$(SRCROOT)/FlurryLib\"",
				);
				PRODUCT_NAME = Flashback;
			};
			name = Distribution;
		};
		1D6058940D05DD3E006BFB54 /* Debug */ = {
			isa = XCBuildConfiguration;
			buildSettings = {
				ALWAYS_SEARCH_USER_PATHS = NO;
				COPY_PHASE_STRIP = NO;
				GCC_DYNAMIC_NO_PIC = NO;
				GCC_OPTIMIZATION_LEVEL = 0;
				GCC_PRECOMPILE_PREFIX_HEADER = YES;
				GCC_PREFIX_HEADER = Flashback_Prefix.pch;
				INFOPLIST_FILE = Info.plist;
				LIBRARY_SEARCH_PATHS = (
					"$(inherited)",
					"\"$(SRCROOT)/FlurryLib\"",
				);
				PRODUCT_NAME = Flashback;
			};
			name = Debug;
		};
		1D6058950D05DD3E006BFB54 /* Release */ = {
			isa = XCBuildConfiguration;
			buildSettings = {
				ALWAYS_SEARCH_USER_PATHS = NO;
				COPY_PHASE_STRIP = YES;
				GCC_PRECOMPILE_PREFIX_HEADER = YES;
				GCC_PREFIX_HEADER = Flashback_Prefix.pch;
				INFOPLIST_FILE = Info.plist;
				LIBRARY_SEARCH_PATHS = (
					"$(inherited)",
					"\"$(SRCROOT)/FlurryLib\"",
				);
				PRODUCT_NAME = Flashback;
			};
			name = Release;
		};
		C01FCF4F08A954540054247B /* Debug */ = {
			isa = XCBuildConfiguration;
			buildSettings = {
				ARCHS = "$(ARCHS_STANDARD_32_BIT)";
				"CODE_SIGN_IDENTITY[sdk=iphoneos*]" = "iPhone Developer: Stuart Carnie";
				GCC_CHAR_IS_UNSIGNED_CHAR = YES;
				GCC_C_LANGUAGE_STANDARD = c99;
				GCC_FAST_MATH = YES;
				GCC_OBJC_CALL_CXX_CDTORS = YES;
				GCC_PREPROCESSOR_DEFINITIONS = DEBUG;
				GCC_STRICT_ALIASING = YES;
				GCC_THREADSAFE_STATICS = NO;
				GCC_THUMB_SUPPORT = NO;
				GCC_WARN_ABOUT_RETURN_TYPE = YES;
				GCC_WARN_TYPECHECK_CALLS_TO_PRINTF = YES;
				GCC_WARN_UNUSED_VARIABLE = YES;
				ONLY_ACTIVE_ARCH = YES;
				PREBINDING = NO;
				"PROVISIONING_PROFILE[sdk=iphoneos*]" = "5D23C139-3743-4199-B334-CA2FB68A31BC";
				SDKROOT = iphoneos2.2;
			};
			name = Debug;
		};
		C01FCF5008A954540054247B /* Release */ = {
			isa = XCBuildConfiguration;
			buildSettings = {
				ARCHS = "$(ARCHS_STANDARD_32_BIT)";
				"CODE_SIGN_IDENTITY[sdk=iphoneos*]" = "iPhone Developer: Stuart Carnie";
				GCC_CHAR_IS_UNSIGNED_CHAR = YES;
				GCC_C_LANGUAGE_STANDARD = c99;
				GCC_DYNAMIC_NO_PIC = YES;
				GCC_FAST_MATH = YES;
				GCC_OBJC_CALL_CXX_CDTORS = YES;
				GCC_OPTIMIZATION_LEVEL = 3;
				GCC_PREPROCESSOR_DEFINITIONS = NDEBUG;
				GCC_STRICT_ALIASING = YES;
				GCC_THREADSAFE_STATICS = NO;
				GCC_THUMB_SUPPORT = NO;
				GCC_UNROLL_LOOPS = YES;
				GCC_WARN_ABOUT_RETURN_TYPE = YES;
				GCC_WARN_TYPECHECK_CALLS_TO_PRINTF = YES;
				GCC_WARN_UNUSED_VARIABLE = YES;
				OTHER_CFLAGS = (
					"-finline-functions",
					"-fno-PIE",
					"-fomit-frame-pointer",
					"-falign-loops=16",
				);
				PREBINDING = NO;
				"PROVISIONING_PROFILE[sdk=iphoneos*]" = "5D23C139-3743-4199-B334-CA2FB68A31BC";
				SDKROOT = iphoneos2.2;
			};
			name = Release;
		};
/* End XCBuildConfiguration section */

/* Begin XCConfigurationList section */
		1D6058960D05DD3E006BFB54 /* Build configuration list for PBXNativeTarget "Flashback" */ = {
			isa = XCConfigurationList;
			buildConfigurations = (
				1D6058940D05DD3E006BFB54 /* Debug */,
				1D6058950D05DD3E006BFB54 /* Release */,
				0517E6180F5BCDE70061011E /* Distribution */,
			);
			defaultConfigurationIsVisible = 0;
			defaultConfigurationName = Release;
		};
		C01FCF4E08A954540054247B /* Build configuration list for PBXProject "Flashback" */ = {
			isa = XCConfigurationList;
			buildConfigurations = (
				C01FCF4F08A954540054247B /* Debug */,
				C01FCF5008A954540054247B /* Release */,
				0517E6170F5BCDE70061011E /* Distribution */,
			);
			defaultConfigurationIsVisible = 0;
			defaultConfigurationName = Release;
		};
/* End XCConfigurationList section */
	};
	rootObject = 29B97313FDCFA39411CA2CEA /* Project object */;
}
